{
  "name": "EchoSpace",
  "lockfileVersion": 3,
  "requires": true,
  "packages": {
    "": {
      "dependencies": {
        "pinia-plugin-persistedstate": "^4.7.1"
      }
    },
    "node_modules/defu": {
      "version": "6.1.7",
      "resolved": "https://registry.npmjs.org/defu/-/defu-6.1.7.tgz",
      "integrity": "sha512-7z22QmUWiQ/2d0KkdYmANbRUVABpZ9SNYyH5vx6PZ+nE5bcC0l7uFvEfHlyld/HcGBFTL536ClDt3DEcSlEJAQ==",
      "license": "MIT"
    },
    "node_modules/pinia-plugin-persistedstate": {
      "version": "4.7.1",
      "resolved": "https://registry.npmjs.org/pinia-plugin-persistedstate/-/pinia-plugin-persistedstate-4.7.1.tgz",
      "integrity": "sha512-WHOqh2esDlR3eAaknPbqXrkkj0D24h8shrDPqysgCFR6ghqP/fpFfJmMPJp0gETHsvrh9YNNg6dQfo2OEtDnIQ==",
      "license": "MIT",
      "dependencies": {
        "defu": "^6.1.4"
      },
      "peerDependencies": {
        "@nuxt/kit": ">=3.0.0",
        "@pinia/nuxt": ">=0.10.0",
        "pinia": ">=3.0.0"
      },
      "peerDependenciesMeta": {
        "@nuxt/kit": {
          "optional": true
        },
        "@pinia/nuxt": {
          "optional": true
        },
        "pinia": {
          "optional": true
        }
      }
    }
  }
}
